
Microsoft Visual Studio Solution File, Format Version 12.00
# Visual Studio Version 16
VisualStudioVersion = 16.0.32002.261
MinimumVisualStudioVersion = 10.0.40219.1
Project("{FAE04EC0-301F-11D3-BF4B-00C04F79EFBC}") = "bridgepro1", "bridgepro1\bridgepro1.csproj", "{C428ED45-37BD-4396-8E0A-C829019F964B}"
EndProject
Global
	GlobalSection(SolutionConfigurationPlatforms) = preSolution
		Debug|Any CPU = Debug|Any CPU
		Release|Any CPU = Release|Any CPU
	EndGlobalSection
	GlobalSection(ProjectConfigurationPlatforms) = postSolution
		{C428ED45-37BD-4396-8E0A-C829019F964B}.Debug|Any CPU.ActiveCfg = Debug|Any CPU
		{C428ED45-37BD-4396-8E0A-C829019F964B}.Debug|Any CPU.Build.0 = Debug|Any CPU
		{C428ED45-37BD-4396-8E0A-C829019F964B}.Release|Any CPU.ActiveCfg = Release|Any CPU
		{C428ED45-37BD-4396-8E0A-C829019F964B}.Release|Any CPU.Build.0 = Release|Any CPU
	EndGlobalSection
	GlobalSection(SolutionProperties) = preSolution
		HideSolutionNode = FALSE
	EndGlobalSection
	GlobalSection(ExtensibilityGlobals) = postSolution
		SolutionGuid = {353A6628-B974-482E-94CA-CBF1DC5448CD}
	EndGlobalSection
EndGlobal
